{
  "originHash" : "0cb8c0d91b25616f7f6fce42979e9ff7153a64cea1f411606ba678b85fa50541",
  "pins" : [
    {
      "identity" : "networkkit",
      "kind" : "remoteSourceControl",
      "location" : "https://github.com/codingiran/NetworkKit.git",
      "state" : {
        "revision" : "d0e31a6839943468e9de4057447a622ce27dfafa",
        "version" : "0.2.8"
      }
    }
  ],
  "version" : 3
}
