{
  "originHash" : "7a33eea1438244c3bfffb3b9a6a62ed89f04cdd05dd48bee3e8983dd62e28e1a",
  "pins" : [
    {
      "identity" : "networkkit",
      "kind" : "remoteSourceControl",
      "location" : "https://github.com/codingiran/NetworkKit.git",
      "state" : {
        "revision" : "80c50316b9fe338007b822d856e07da4c3f05aa7",
        "version" : "0.2.7"
      }
    }
  ],
  "version" : 3
}
